
Microsoft Visual Studio Solution File, Format Version 12.00
# Visual Studio Version 17
VisualStudioVersion = 17.12.35527.113 d17.12
MinimumVisualStudioVersion = 10.0.40219.1
Project("{2150E333-8FDC-42A3-9474-1A3956D46DE8}") = "Services", "Services", "{9123DF7D-BACC-461D-ADF4-E3EC4823C95C}"
EndProject
Project("{2150E333-8FDC-42A3-9474-1A3956D46DE8}") = "Catalog", "Catalog", "{B2F94028-AC4C-466B-8EF9-031A118A2768}"
EndProject
Project("{FAE04EC0-301F-11D3-BF4B-00C04F79EFBC}") = "Catalog.API", "..\src\Services\Catalog\Catalog.API\Catalog.API.csproj", "{FBF5265F-30EB-4FFD-9BEA-CA0C325AD016}"
EndProject
Project("{2150E333-8FDC-42A3-9474-1A3956D46DE8}") = "ApplicationBlocks", "ApplicationBlocks", "{12D8F878-EE51-4D88-AFE9-1528A085A731}"
EndProject
Project("{FAE04EC0-301F-11D3-BF4B-00C04F79EFBC}") = "ApplicationBlocks", "..\src\ApplicationBlocks\ApplicationBlocks\ApplicationBlocks.csproj", "{2329D3F7-809D-4BB7-A17C-5F4C5A5674EF}"
EndProject
Global
	GlobalSection(SolutionConfigurationPlatforms) = preSolution
		Debug|Any CPU = Debug|Any CPU
		Release|Any CPU = Release|Any CPU
	EndGlobalSection
	GlobalSection(ProjectConfigurationPlatforms) = postSolution
		{FBF5265F-30EB-4FFD-9BEA-CA0C325AD016}.Debug|Any CPU.ActiveCfg = Debug|Any CPU
		{FBF5265F-30EB-4FFD-9BEA-CA0C325AD016}.Debug|Any CPU.Build.0 = Debug|Any CPU
		{FBF5265F-30EB-4FFD-9BEA-CA0C325AD016}.Release|Any CPU.ActiveCfg = Release|Any CPU
		{FBF5265F-30EB-4FFD-9BEA-CA0C325AD016}.Release|Any CPU.Build.0 = Release|Any CPU
		{2329D3F7-809D-4BB7-A17C-5F4C5A5674EF}.Debug|Any CPU.ActiveCfg = Debug|Any CPU
		{2329D3F7-809D-4BB7-A17C-5F4C5A5674EF}.Debug|Any CPU.Build.0 = Debug|Any CPU
		{2329D3F7-809D-4BB7-A17C-5F4C5A5674EF}.Release|Any CPU.ActiveCfg = Release|Any CPU
		{2329D3F7-809D-4BB7-A17C-5F4C5A5674EF}.Release|Any CPU.Build.0 = Release|Any CPU
	EndGlobalSection
	GlobalSection(SolutionProperties) = preSolution
		HideSolutionNode = FALSE
	EndGlobalSection
	GlobalSection(NestedProjects) = preSolution
		{B2F94028-AC4C-466B-8EF9-031A118A2768} = {9123DF7D-BACC-461D-ADF4-E3EC4823C95C}
		{FBF5265F-30EB-4FFD-9BEA-CA0C325AD016} = {B2F94028-AC4C-466B-8EF9-031A118A2768}
		{2329D3F7-809D-4BB7-A17C-5F4C5A5674EF} = {12D8F878-EE51-4D88-AFE9-1528A085A731}
	EndGlobalSection
EndGlobal
