
Microsoft Visual Studio Solution File, Format Version 12.00
# Visual Studio Version 17
VisualStudioVersion = 17.12.35527.113
MinimumVisualStudioVersion = 10.0.40219.1
Project("{2150E333-8FDC-42A3-9474-1A3956D46DE8}") = "Services", "Services", "{9123DF7D-BACC-461D-ADF4-E3EC4823C95C}"
EndProject
Project("{2150E333-8FDC-42A3-9474-1A3956D46DE8}") = "ApplicationBlocks", "ApplicationBlocks", "{12D8F878-EE51-4D88-AFE9-1528A085A731}"
EndProject
Project("{FAE04EC0-301F-11D3-BF4B-00C04F79EFBC}") = "ApplicationBlocks", "ApplicationBlocks\ApplicationBlocks\ApplicationBlocks.csproj", "{2329D3F7-809D-4BB7-A17C-5F4C5A5674EF}"
EndProject
Project("{E53339B2-1760-4266-BCC7-CA923CBCF16C}") = "docker-compose", "docker-compose.dcproj", "{3E9627C8-043C-4570-B663-9149B6D89706}"
EndProject
Project("{2150E333-8FDC-42A3-9474-1A3956D46DE8}") = "Notification", "Notification", "{664B89AD-4108-4915-9312-5CB3676458BC}"
EndProject
Project("{2150E333-8FDC-42A3-9474-1A3956D46DE8}") = "Technician", "Technician", "{55BBBE5D-7125-4331-9F7F-1FD9365871EE}"
EndProject
Project("{2150E333-8FDC-42A3-9474-1A3956D46DE8}") = "Customer", "Customer", "{8F465024-3522-4E6A-B77A-C8BF0F0FE2C0}"
EndProject
Project("{2150E333-8FDC-42A3-9474-1A3956D46DE8}") = "Discount", "Discount", "{D30883B9-00B4-4559-8E23-D9DFE22289FD}"
EndProject
Project("{2150E333-8FDC-42A3-9474-1A3956D46DE8}") = "Offering", "Offering", "{6205D608-AD15-4F33-B05D-E420E547AE37}"
EndProject
Project("{2150E333-8FDC-42A3-9474-1A3956D46DE8}") = "Payment", "Payment", "{F8FA0C7B-D87A-4372-93F2-52F74818F96A}"
EndProject
Project("{2150E333-8FDC-42A3-9474-1A3956D46DE8}") = "WorkOrder", "WorkOrder", "{9BCB4B3C-461E-4D06-BB99-A3C38D9FA478}"
EndProject
Project("{2150E333-8FDC-42A3-9474-1A3956D46DE8}") = "Authentication", "Authentication", "{170AFB26-8D17-4C78-A8D8-0AF17F67AB60}"
EndProject
Project("{FAE04EC0-301F-11D3-BF4B-00C04F79EFBC}") = "CustomerGateway", "Services\Customer\CustomerGateway.csproj", "{BFC8BC87-BA22-4ABC-AD61-D98C8FF68074}"
EndProject
Project("{FAE04EC0-301F-11D3-BF4B-00C04F79EFBC}") = "AuthenticationGateway", "Services\Authentication\AuthenticationGateway.csproj", "{4A23394B-4287-48A2-A518-F42E6ADF5D82}"
EndProject
Project("{FAE04EC0-301F-11D3-BF4B-00C04F79EFBC}") = "DiscountGateway", "Services\Discount\DiscountGateway.csproj", "{DA3FD677-2B4A-45A6-B43A-52CB567D7DFD}"
EndProject
Project("{FAE04EC0-301F-11D3-BF4B-00C04F79EFBC}") = "OfferingGateway", "Services\Offering\OfferingGateway.csproj", "{A630C4ED-5F6F-4416-8F27-6486577900E3}"
EndProject
Project("{FAE04EC0-301F-11D3-BF4B-00C04F79EFBC}") = "PaymentGateway", "Services\Payment\PaymentGateway.csproj", "{B435EDA4-F253-45CC-99BF-6195302B6426}"
EndProject
Project("{FAE04EC0-301F-11D3-BF4B-00C04F79EFBC}") = "WorkOrderGateway", "Services\WorkOrder\WorkOrderGateway.csproj", "{93932966-0720-420C-BE5F-6F5D4FE37923}"
EndProject
Project("{FAE04EC0-301F-11D3-BF4B-00C04F79EFBC}") = "TechnicianGateway", "Services\Technician\TechnicianGateway.csproj", "{2558795A-FEB9-4EF0-83A3-7C24E32B4461}"
EndProject
Project("{2150E333-8FDC-42A3-9474-1A3956D46DE8}") = "SharedKernel", "SharedKernel", "{56CADAA7-E2C0-4D7C-9D8F-37A6D6284E79}"
EndProject
Project("{FAE04EC0-301F-11D3-BF4B-00C04F79EFBC}") = "SharedKernel.CQRS", "SharedKernel\SharedKernel.CQRS\SharedKernel.CQRS.csproj", "{6B7BD136-6CEF-4CD3-980E-6326057FB02E}"
EndProject
Project("{FAE04EC0-301F-11D3-BF4B-00C04F79EFBC}") = "SharedKernel.CrossCutting", "SharedKernel\SharedKernel.CrossCutting\SharedKernel.CrossCutting.csproj", "{4DC4C2E2-2612-4176-981A-A758E98435ED}"
EndProject
Project("{FAE04EC0-301F-11D3-BF4B-00C04F79EFBC}") = "SharedKernel.Messaging", "SharedKernel\SharedKernel.Messaging\SharedKernel.Messaging.csproj", "{DC2D2D65-8F59-4B4A-9E43-4407B5633A4B}"
EndProject
Project("{FAE04EC0-301F-11D3-BF4B-00C04F79EFBC}") = "NotificationGateway", "Services\Notification\NotificationGateway.csproj", "{9DA4825A-E7DC-4696-BB3F-916A8CE4888A}"
EndProject
Global
	GlobalSection(SolutionConfigurationPlatforms) = preSolution
		Debug|Any CPU = Debug|Any CPU
		Release|Any CPU = Release|Any CPU
	EndGlobalSection
	GlobalSection(ProjectConfigurationPlatforms) = postSolution
		{2329D3F7-809D-4BB7-A17C-5F4C5A5674EF}.Debug|Any CPU.ActiveCfg = Debug|Any CPU
		{2329D3F7-809D-4BB7-A17C-5F4C5A5674EF}.Debug|Any CPU.Build.0 = Debug|Any CPU
		{2329D3F7-809D-4BB7-A17C-5F4C5A5674EF}.Release|Any CPU.ActiveCfg = Release|Any CPU
		{2329D3F7-809D-4BB7-A17C-5F4C5A5674EF}.Release|Any CPU.Build.0 = Release|Any CPU
		{3E9627C8-043C-4570-B663-9149B6D89706}.Debug|Any CPU.ActiveCfg = Debug|Any CPU
		{3E9627C8-043C-4570-B663-9149B6D89706}.Debug|Any CPU.Build.0 = Debug|Any CPU
		{3E9627C8-043C-4570-B663-9149B6D89706}.Release|Any CPU.ActiveCfg = Release|Any CPU
		{3E9627C8-043C-4570-B663-9149B6D89706}.Release|Any CPU.Build.0 = Release|Any CPU
		{BFC8BC87-BA22-4ABC-AD61-D98C8FF68074}.Debug|Any CPU.ActiveCfg = Debug|Any CPU
		{BFC8BC87-BA22-4ABC-AD61-D98C8FF68074}.Debug|Any CPU.Build.0 = Debug|Any CPU
		{BFC8BC87-BA22-4ABC-AD61-D98C8FF68074}.Release|Any CPU.ActiveCfg = Release|Any CPU
		{BFC8BC87-BA22-4ABC-AD61-D98C8FF68074}.Release|Any CPU.Build.0 = Release|Any CPU
		{4A23394B-4287-48A2-A518-F42E6ADF5D82}.Debug|Any CPU.ActiveCfg = Debug|Any CPU
		{4A23394B-4287-48A2-A518-F42E6ADF5D82}.Debug|Any CPU.Build.0 = Debug|Any CPU
		{4A23394B-4287-48A2-A518-F42E6ADF5D82}.Release|Any CPU.ActiveCfg = Release|Any CPU
		{4A23394B-4287-48A2-A518-F42E6ADF5D82}.Release|Any CPU.Build.0 = Release|Any CPU
		{DA3FD677-2B4A-45A6-B43A-52CB567D7DFD}.Debug|Any CPU.ActiveCfg = Debug|Any CPU
		{DA3FD677-2B4A-45A6-B43A-52CB567D7DFD}.Debug|Any CPU.Build.0 = Debug|Any CPU
		{DA3FD677-2B4A-45A6-B43A-52CB567D7DFD}.Release|Any CPU.ActiveCfg = Release|Any CPU
		{DA3FD677-2B4A-45A6-B43A-52CB567D7DFD}.Release|Any CPU.Build.0 = Release|Any CPU
		{A630C4ED-5F6F-4416-8F27-6486577900E3}.Debug|Any CPU.ActiveCfg = Debug|Any CPU
		{A630C4ED-5F6F-4416-8F27-6486577900E3}.Debug|Any CPU.Build.0 = Debug|Any CPU
		{A630C4ED-5F6F-4416-8F27-6486577900E3}.Release|Any CPU.ActiveCfg = Release|Any CPU
		{A630C4ED-5F6F-4416-8F27-6486577900E3}.Release|Any CPU.Build.0 = Release|Any CPU
		{B435EDA4-F253-45CC-99BF-6195302B6426}.Debug|Any CPU.ActiveCfg = Debug|Any CPU
		{B435EDA4-F253-45CC-99BF-6195302B6426}.Debug|Any CPU.Build.0 = Debug|Any CPU
		{B435EDA4-F253-45CC-99BF-6195302B6426}.Release|Any CPU.ActiveCfg = Release|Any CPU
		{B435EDA4-F253-45CC-99BF-6195302B6426}.Release|Any CPU.Build.0 = Release|Any CPU
		{93932966-0720-420C-BE5F-6F5D4FE37923}.Debug|Any CPU.ActiveCfg = Debug|Any CPU
		{93932966-0720-420C-BE5F-6F5D4FE37923}.Debug|Any CPU.Build.0 = Debug|Any CPU
		{93932966-0720-420C-BE5F-6F5D4FE37923}.Release|Any CPU.ActiveCfg = Release|Any CPU
		{93932966-0720-420C-BE5F-6F5D4FE37923}.Release|Any CPU.Build.0 = Release|Any CPU
		{2558795A-FEB9-4EF0-83A3-7C24E32B4461}.Debug|Any CPU.ActiveCfg = Debug|Any CPU
		{2558795A-FEB9-4EF0-83A3-7C24E32B4461}.Debug|Any CPU.Build.0 = Debug|Any CPU
		{2558795A-FEB9-4EF0-83A3-7C24E32B4461}.Release|Any CPU.ActiveCfg = Release|Any CPU
		{2558795A-FEB9-4EF0-83A3-7C24E32B4461}.Release|Any CPU.Build.0 = Release|Any CPU
		{6B7BD136-6CEF-4CD3-980E-6326057FB02E}.Debug|Any CPU.ActiveCfg = Debug|Any CPU
		{6B7BD136-6CEF-4CD3-980E-6326057FB02E}.Debug|Any CPU.Build.0 = Debug|Any CPU
		{6B7BD136-6CEF-4CD3-980E-6326057FB02E}.Release|Any CPU.ActiveCfg = Release|Any CPU
		{6B7BD136-6CEF-4CD3-980E-6326057FB02E}.Release|Any CPU.Build.0 = Release|Any CPU
		{4DC4C2E2-2612-4176-981A-A758E98435ED}.Debug|Any CPU.ActiveCfg = Debug|Any CPU
		{4DC4C2E2-2612-4176-981A-A758E98435ED}.Debug|Any CPU.Build.0 = Debug|Any CPU
		{4DC4C2E2-2612-4176-981A-A758E98435ED}.Release|Any CPU.ActiveCfg = Release|Any CPU
		{4DC4C2E2-2612-4176-981A-A758E98435ED}.Release|Any CPU.Build.0 = Release|Any CPU
		{DC2D2D65-8F59-4B4A-9E43-4407B5633A4B}.Debug|Any CPU.ActiveCfg = Debug|Any CPU
		{DC2D2D65-8F59-4B4A-9E43-4407B5633A4B}.Debug|Any CPU.Build.0 = Debug|Any CPU
		{DC2D2D65-8F59-4B4A-9E43-4407B5633A4B}.Release|Any CPU.ActiveCfg = Release|Any CPU
		{DC2D2D65-8F59-4B4A-9E43-4407B5633A4B}.Release|Any CPU.Build.0 = Release|Any CPU
		{9DA4825A-E7DC-4696-BB3F-916A8CE4888A}.Debug|Any CPU.ActiveCfg = Debug|Any CPU
		{9DA4825A-E7DC-4696-BB3F-916A8CE4888A}.Debug|Any CPU.Build.0 = Debug|Any CPU
		{9DA4825A-E7DC-4696-BB3F-916A8CE4888A}.Release|Any CPU.ActiveCfg = Release|Any CPU
		{9DA4825A-E7DC-4696-BB3F-916A8CE4888A}.Release|Any CPU.Build.0 = Release|Any CPU
	EndGlobalSection
	GlobalSection(SolutionProperties) = preSolution
		HideSolutionNode = FALSE
	EndGlobalSection
	GlobalSection(NestedProjects) = preSolution
		{2329D3F7-809D-4BB7-A17C-5F4C5A5674EF} = {12D8F878-EE51-4D88-AFE9-1528A085A731}
		{664B89AD-4108-4915-9312-5CB3676458BC} = {9123DF7D-BACC-461D-ADF4-E3EC4823C95C}
		{55BBBE5D-7125-4331-9F7F-1FD9365871EE} = {9123DF7D-BACC-461D-ADF4-E3EC4823C95C}
		{8F465024-3522-4E6A-B77A-C8BF0F0FE2C0} = {9123DF7D-BACC-461D-ADF4-E3EC4823C95C}
		{D30883B9-00B4-4559-8E23-D9DFE22289FD} = {9123DF7D-BACC-461D-ADF4-E3EC4823C95C}
		{6205D608-AD15-4F33-B05D-E420E547AE37} = {9123DF7D-BACC-461D-ADF4-E3EC4823C95C}
		{F8FA0C7B-D87A-4372-93F2-52F74818F96A} = {9123DF7D-BACC-461D-ADF4-E3EC4823C95C}
		{9BCB4B3C-461E-4D06-BB99-A3C38D9FA478} = {9123DF7D-BACC-461D-ADF4-E3EC4823C95C}
		{170AFB26-8D17-4C78-A8D8-0AF17F67AB60} = {9123DF7D-BACC-461D-ADF4-E3EC4823C95C}
		{BFC8BC87-BA22-4ABC-AD61-D98C8FF68074} = {8F465024-3522-4E6A-B77A-C8BF0F0FE2C0}
		{4A23394B-4287-48A2-A518-F42E6ADF5D82} = {170AFB26-8D17-4C78-A8D8-0AF17F67AB60}
		{DA3FD677-2B4A-45A6-B43A-52CB567D7DFD} = {D30883B9-00B4-4559-8E23-D9DFE22289FD}
		{A630C4ED-5F6F-4416-8F27-6486577900E3} = {6205D608-AD15-4F33-B05D-E420E547AE37}
		{B435EDA4-F253-45CC-99BF-6195302B6426} = {F8FA0C7B-D87A-4372-93F2-52F74818F96A}
		{93932966-0720-420C-BE5F-6F5D4FE37923} = {9BCB4B3C-461E-4D06-BB99-A3C38D9FA478}
		{2558795A-FEB9-4EF0-83A3-7C24E32B4461} = {55BBBE5D-7125-4331-9F7F-1FD9365871EE}
		{6B7BD136-6CEF-4CD3-980E-6326057FB02E} = {56CADAA7-E2C0-4D7C-9D8F-37A6D6284E79}
		{4DC4C2E2-2612-4176-981A-A758E98435ED} = {56CADAA7-E2C0-4D7C-9D8F-37A6D6284E79}
		{DC2D2D65-8F59-4B4A-9E43-4407B5633A4B} = {56CADAA7-E2C0-4D7C-9D8F-37A6D6284E79}
		{9DA4825A-E7DC-4696-BB3F-916A8CE4888A} = {664B89AD-4108-4915-9312-5CB3676458BC}
	EndGlobalSection
EndGlobal
